
Microsoft Visual Studio Solution File, Format Version 12.00
Project("{2150E333-8FDC-42A3-9474-1A3956D46DE8}") = "DataProviders", "DataProviders", "{5BFC1A7E-4D14-4B7D-9571-1E074F9C7822}"
EndProject
Project("{2150E333-8FDC-42A3-9474-1A3956D46DE8}") = "Domain", "Domain", "{DBEB6B23-815F-4AB5-8E22-F483007324FF}"
EndProject
Project("{2150E333-8FDC-42A3-9474-1A3956D46DE8}") = "EntryPoints", "EntryPoints", "{7EB56230-F426-4C65-A634-5B6668BC46E9}"
EndProject
Project("{2150E333-8FDC-42A3-9474-1A3956D46DE8}") = "UnitTests", "UnitTests", "{D3DED14A-551C-45AC-8864-7CA96CBF20DB}"
EndProject
Project("{FAE04EC0-301F-11D3-BF4B-00C04F79EFBC}") = "UniversiteDomain", "UniversiteDomain\UniversiteDomain.csproj", "{23961289-CE20-4FF6-B12E-4C56250AD68E}"
EndProject
Project("{FAE04EC0-301F-11D3-BF4B-00C04F79EFBC}") = "UniversiteDomainUnitTests", "UniversiteDomainUnitTests\UniversiteDomainUnitTests.csproj", "{7AFC5CFF-C0DD-46E8-9958-2C898F38610B}"
EndProject
Project("{FAE04EC0-301F-11D3-BF4B-00C04F79EFBC}") = "UniversiteEFDataProvider", "UniversiteEFDataProvider\UniversiteEFDataProvider.csproj", "{0CCFFB21-29D3-4931-9A22-AE2CFE038273}"
EndProject
Project("{FAE04EC0-301F-11D3-BF4B-00C04F79EFBC}") = "UniversiteRestApi", "UniversiteRestApi\UniversiteRestApi.csproj", "{33CE33B7-BEFD-4B45-A08C-97BF42DBBF02}"
EndProject
Global
	GlobalSection(SolutionConfigurationPlatforms) = preSolution
		Debug|Any CPU = Debug|Any CPU
		Release|Any CPU = Release|Any CPU
	EndGlobalSection
	GlobalSection(ProjectConfigurationPlatforms) = postSolution
		{23961289-CE20-4FF6-B12E-4C56250AD68E}.Debug|Any CPU.ActiveCfg = Debug|Any CPU
		{23961289-CE20-4FF6-B12E-4C56250AD68E}.Debug|Any CPU.Build.0 = Debug|Any CPU
		{23961289-CE20-4FF6-B12E-4C56250AD68E}.Release|Any CPU.ActiveCfg = Release|Any CPU
		{23961289-CE20-4FF6-B12E-4C56250AD68E}.Release|Any CPU.Build.0 = Release|Any CPU
		{7AFC5CFF-C0DD-46E8-9958-2C898F38610B}.Debug|Any CPU.ActiveCfg = Debug|Any CPU
		{7AFC5CFF-C0DD-46E8-9958-2C898F38610B}.Debug|Any CPU.Build.0 = Debug|Any CPU
		{7AFC5CFF-C0DD-46E8-9958-2C898F38610B}.Release|Any CPU.ActiveCfg = Release|Any CPU
		{7AFC5CFF-C0DD-46E8-9958-2C898F38610B}.Release|Any CPU.Build.0 = Release|Any CPU
		{0CCFFB21-29D3-4931-9A22-AE2CFE038273}.Debug|Any CPU.ActiveCfg = Debug|Any CPU
		{0CCFFB21-29D3-4931-9A22-AE2CFE038273}.Debug|Any CPU.Build.0 = Debug|Any CPU
		{0CCFFB21-29D3-4931-9A22-AE2CFE038273}.Release|Any CPU.ActiveCfg = Release|Any CPU
		{0CCFFB21-29D3-4931-9A22-AE2CFE038273}.Release|Any CPU.Build.0 = Release|Any CPU
		{33CE33B7-BEFD-4B45-A08C-97BF42DBBF02}.Debug|Any CPU.ActiveCfg = Debug|Any CPU
		{33CE33B7-BEFD-4B45-A08C-97BF42DBBF02}.Debug|Any CPU.Build.0 = Debug|Any CPU
		{33CE33B7-BEFD-4B45-A08C-97BF42DBBF02}.Release|Any CPU.ActiveCfg = Release|Any CPU
		{33CE33B7-BEFD-4B45-A08C-97BF42DBBF02}.Release|Any CPU.Build.0 = Release|Any CPU
	EndGlobalSection
	GlobalSection(NestedProjects) = preSolution
		{23961289-CE20-4FF6-B12E-4C56250AD68E} = {DBEB6B23-815F-4AB5-8E22-F483007324FF}
		{7AFC5CFF-C0DD-46E8-9958-2C898F38610B} = {D3DED14A-551C-45AC-8864-7CA96CBF20DB}
		{0CCFFB21-29D3-4931-9A22-AE2CFE038273} = {5BFC1A7E-4D14-4B7D-9571-1E074F9C7822}
		{33CE33B7-BEFD-4B45-A08C-97BF42DBBF02} = {7EB56230-F426-4C65-A634-5B6668BC46E9}
	EndGlobalSection
EndGlobal
